
Microsoft Visual Studio Solution File, Format Version 12.00
# Visual Studio Version 16
VisualStudioVersion = 16.0.31005.135
MinimumVisualStudioVersion = 10.0.40219.1
Project("{FAE04EC0-301F-11D3-BF4B-00C04F79EFBC}") = "RestApi", "RestApi\RestApi.csproj", "{35427A67-00D8-4AAA-A60F-429730B18A5E}"
EndProject
Global
	GlobalSection(SolutionConfigurationPlatforms) = preSolution
		Debug|Any CPU = Debug|Any CPU
		Release|Any CPU = Release|Any CPU
	EndGlobalSection
	GlobalSection(ProjectConfigurationPlatforms) = postSolution
		{35427A67-00D8-4AAA-A60F-429730B18A5E}.Debug|Any CPU.ActiveCfg = Debug|Any CPU
		{35427A67-00D8-4AAA-A60F-429730B18A5E}.Debug|Any CPU.Build.0 = Debug|Any CPU
		{35427A67-00D8-4AAA-A60F-429730B18A5E}.Release|Any CPU.ActiveCfg = Release|Any CPU
		{35427A67-00D8-4AAA-A60F-429730B18A5E}.Release|Any CPU.Build.0 = Release|Any CPU
	EndGlobalSection
	GlobalSection(SolutionProperties) = preSolution
		HideSolutionNode = FALSE
	EndGlobalSection
	GlobalSection(ExtensibilityGlobals) = postSolution
		SolutionGuid = {1E91EEB1-629D-44F9-869D-8158AC60624B}
	EndGlobalSection
EndGlobal
